<?xml version="1.0" encoding="utf-8"?>
<Project ToolsVersion="4.0" xmlns="http://schemas.microsoft.com/developer/msbuild/2003">
  <ItemGroup>
    <Filter Include="Source Files">
      <UniqueIdentifier>{4FC737F1-C7A5-4376-A066-2A32D752A2FF}</UniqueIdentifier>
      <Extensions>cpp;c;cc;cxx;def;odl;idl;hpj;bat;asm;asmx</Extensions>
    </Filter>
    <Filter Include="Header Files">
      <UniqueIdentifier>{93995380-89BD-4b04-88EB-625FBE52EBFB}</UniqueIdentifier>
      <Extensions>h;hh;hpp;hxx;hm;inl;inc;ipp;xsd</Extensions>
    </Filter>
    <Filter Include="Resource Files">
      <UniqueIdentifier>{67DA6AB6-F800-4c08-8B7A-83BB121AAD01}</UniqueIdentifier>
      <Extensions>rc;ico;cur;bmp;dlg;rc2;rct;bin;rgs;gif;jpg;jpeg;jpe;resx;tiff;tif;png;wav;mfcribbon-ms</Extensions>
    </Filter>
    <Filter Include="Source Files\System">
      <UniqueIdentifier>{db066cdd-c18c-4760-98a7-1dc3e9cbfc96}</UniqueIdentifier>
    </Filter>
    <Filter Include="Source Files\Game">
      <UniqueIdentifier>{50a44da8-0f6b-4ba8-ab0c-c2de5e49d453}</UniqueIdentifier>
    </Filter>
    <Filter Include="Header Files\Game">
      <UniqueIdentifier>{4a71eba4-28e4-4a39-b816-1e13fc2c9d96}</UniqueIdentifier>
    </Filter>
    <Filter Include="Header Files\System">
      <UniqueIdentifier>{09a1a266-c508-43cf-9ccd-df197b6b28e1}</UniqueIdentifier>
    </Filter>
    <Filter Include="Header Files\System\GUI">
      <UniqueIdentifier>{e3dd1cc2-bbf7-4c7e-b72a-7f4056b503c4}</UniqueIdentifier>
    </Filter>
    <Filter Include="Source Files\System\GUI">
      <UniqueIdentifier>{a3d5c737-6c5f-4b66-b383-ce14fd51ef8d}</UniqueIdentifier>
    </Filter>
    <Filter Include="Source Files\System\Render">
      <UniqueIdentifier>{072d015c-c617-46a8-a91c-a380dcf9c943}</UniqueIdentifier>
    </Filter>
  </ItemGroup>
  <ItemGroup>
    <ClCompile Include="KeyState.cpp">
      <Filter>Source Files\System</Filter>
    </ClCompile>
    <ClCompile Include="Main.cpp">
      <Filter>Source Files\System</Filter>
    </ClCompile>
    <ClCompile Include="MouseState.cpp">
      <Filter>Source Files\System</Filter>
    </ClCompile>
    <ClCompile Include="GameManager.cpp">
      <Filter>Source Files\System</Filter>
    </ClCompile>
    <ClCompile Include="Entity.cpp">
      <Filter>Source Files\Game</Filter>
    </ClCompile>
    <ClCompile Include="EntityCar.cpp">
      <Filter>Source Files\Game</Filter>
    </ClCompile>
    <ClCompile Include="World.cpp">
      <Filter>Source Files\Game</Filter>
    </ClCompile>
    <ClCompile Include="GuiManager.cpp">
      <Filter>Source Files\System\GUI</Filter>
    </ClCompile>
    <ClCompile Include="GuiMainMenu.cpp">
      <Filter>Source Files\System\GUI</Filter>
    </ClCompile>
    <ClCompile Include="GuiTemplate.cpp">
      <Filter>Source Files\System\GUI</Filter>
    </ClCompile>
    <ClCompile Include="RenderWorld.cpp">
      <Filter>Source Files\System\Render</Filter>
    </ClCompile>
    <ClCompile Include="TexturedSprite.cpp">
      <Filter>Source Files</Filter>
    </ClCompile>
  </ItemGroup>
  <ItemGroup>
    <ClInclude Include="Entity.h">
      <Filter>Header Files\Game</Filter>
    </ClInclude>
    <ClInclude Include="EntityCar.h">
      <Filter>Header Files\Game</Filter>
    </ClInclude>
    <ClInclude Include="World.h">
      <Filter>Header Files\Game</Filter>
    </ClInclude>
    <ClInclude Include="GameManager.h">
      <Filter>Header Files\System</Filter>
    </ClInclude>
    <ClInclude Include="KeyState.h">
      <Filter>Header Files\System</Filter>
    </ClInclude>
    <ClInclude Include="MouseState.h">
      <Filter>Header Files\System</Filter>
    </ClInclude>
    <ClInclude Include="RenderWorld.h">
      <Filter>Header Files\System</Filter>
    </ClInclude>
    <ClInclude Include="GuiManager.h">
      <Filter>Header Files\System\GUI</Filter>
    </ClInclude>
    <ClInclude Include="GuiMainMenu.h">
      <Filter>Header Files\System\GUI</Filter>
    </ClInclude>
    <ClInclude Include="GuiTemplate.h">
      <Filter>Header Files\System\GUI</Filter>
    </ClInclude>
    <ClInclude Include="TexturedSprite.h">
      <Filter>Header Files</Filter>
    </ClInclude>
  </ItemGroup>
</Project>